// !$*UTF8*$!
{
	archiveVersion = 1;
	classes = {
	};
	objectVersion = 46;
	objects = {

/* Begin PBXBuildFile section */
		D6DA203A1F48BC68000EB370 /* AppDelegate.swift in Sources */ = {isa = PBXBuildFile; fileRef = D6DA20391F48BC68000EB370 /* AppDelegate.swift */; };
		D6DA203C1F48BC68000EB370 /* ViewController.swift in Sources */ = {isa = PBXBuildFile; fileRef = D6DA203B1F48BC68000EB370 /* ViewController.swift */; };
		D6DA203F1F48BC68000EB370 /* Main.storyboard in Resources */ = {isa = PBXBuildFile; fileRef = D6DA203D1F48BC68000EB370 /* Main.storyboard */; };
		D6DA20411F48BC68000EB370 /* Assets.xcassets in Resources */ = {isa = PBXBuildFile; fileRef = D6DA20401F48BC68000EB370 /* Assets.xcassets */; };
		D6DA20441F48BC68000EB370 /* LaunchScreen.storyboard in Resources */ = {isa = PBXBuildFile; fileRef = D6DA20421F48BC68000EB370 /* LaunchScreen.storyboard */; };
/* End PBXBuildFile section */

/* Begin PBXFileReference section */
		D6DA20361F48BC68000EB370 /* customcell.app */ = {isa = PBXFileReference; explicitFileType = wrapper.application; includeInIndex = 0; path = customcell.app; sourceTree = BUILT_PRODUCTS_DIR; };
		D6DA20391F48BC68000EB370 /* AppDelegate.swift */ = {isa = PBXFileReference; lastKnownFileType = sourcecode.swift; path = AppDelegate.swift; sourceTree = "<group>"; };
		D6DA203B1F48BC68000EB370 /* ViewController.swift */ = {isa = PBXFileReference; lastKnownFileType = sourcecode.swift; path = ViewController.swift; sourceTree = "<group>"; };
		D6DA203E1F48BC68000EB370 /* Base */ = {isa = PBXFileReference; lastKnownFileType = file.storyboard; name = Base; path = Base.lproj/Main.storyboard; sourceTree = "<group>"; };
		D6DA20401F48BC68000EB370 /* Assets.xcassets */ = {isa = PBXFileReference; lastKnownFileType = folder.assetcatalog; path = Assets.xcassets; sourceTree = "<group>"; };
		D6DA20431F48BC68000EB370 /* Base */ = {isa = PBXFileReference; lastKnownFileType = file.storyboard; name = Base; path = Base.lproj/LaunchScreen.storyboard; sourceTree = "<group>"; };
		D6DA20451F48BC68000EB370 /* Info.plist */ = {isa = PBXFileReference; lastKnownFileType = text.plist.xml; path = Info.plist; sourceTree = "<group>"; };
/* End PBXFileReference section */

/* Begin PBXFrameworksBuildPhase section */
		D6DA20331F48BC68000EB370 /* Frameworks */ = {
			isa = PBXFrameworksBuildPhase;
			buildActionMask = 2147483647;
			files = (
			);
			runOnlyForDeploymentPostprocessing = 0;
		};
/* End PBXFrameworksBuildPhase section */

/* Begin PBXGroup section */
		D6DA202D1F48BC68000EB370 = {
			isa = PBXGroup;
			children = (
				D6DA20381F48BC68000EB370 /* customcell */,
				D6DA20371F48BC68000EB370 /* Products */,
			);
			sourceTree = "<group>";
		};
		D6DA20371F48BC68000EB370 /* Products */ = {
			isa = PBXGroup;
			children = (
				D6DA20361F48BC68000EB370 /* customcell.app */,
			);
			name = Products;
			sourceTree = "<group>";
		};
		D6DA20381F48BC68000EB370 /* customcell */ = {
			isa = PBXGroup;
			children = (
				D6DA20391F48BC68000EB370 /* AppDelegate.swift */,
				D6DA203B1F48BC68000EB370 /* ViewController.swift */,
				D6DA203D1F48BC68000EB370 /* Main.storyboard */,
				D6DA20401F48BC68000EB370 /* Assets.xcassets */,
				D6DA20421F48BC68000EB370 /* LaunchScreen.storyboard */,
				D6DA20451F48BC68000EB370 /* Info.plist */,
			);
			path = customcell;
			sourceTree = "<group>";
		};
/* End PBXGroup section */

/* Begin PBXNativeTarget section */
		D6DA20351F48BC68000EB370 /* customcell */ = {
			isa = PBXNativeTarget;
			buildConfigurationList = D6DA20481F48BC68000EB370 /* Build configuration list for PBXNativeTarget "customcell" */;
			buildPhases = (
				D6DA20321F48BC68000EB370 /* Sources */,
				D6DA20331F48BC68000EB370 /* Frameworks */,
				D6DA20341F48BC68000EB370 /* Resources */,
			);
			buildRules = (
			);
			dependencies = (
			);
			name = customcell;
			productName = customcell;
			productReference = D6DA20361F48BC68000EB370 /* customcell.app */;
			productType = "com.apple.product-type.application";
		};
/* End PBXNativeTarget section */

/* Begin PBXProject section */
		D6DA202E1F48BC68000EB370 /* Project object */ = {
			isa = PBXProject;
			attributes = {
				LastSwiftUpdateCheck = 0820;
				LastUpgradeCheck = 0820;
				ORGANIZATIONNAME = thunder;
				TargetAttributes = {
					D6DA20351F48BC68000EB370 = {
						CreatedOnToolsVersion = 8.2.1;
						ProvisioningStyle = Automatic;
					};
				};
			};
			buildConfigurationList = D6DA20311F48BC68000EB370 /* Build configuration list for PBXProject "customcell" */;
			compatibilityVersion = "Xcode 3.2";
			developmentRegion = English;
			hasScannedForEncodings = 0;
			knownRegions = (
				en,
				Base,
			);
			mainGroup = D6DA202D1F48BC68000EB370;
			productRefGroup = D6DA20371F48BC68000EB370 /* Products */;
			projectDirPath = "";
			projectRoot = "";
			targets = (
				D6DA20351F48BC68000EB370 /* customcell */,
			);
		};
/* End PBXProject section */

/* Begin PBXResourcesBuildPhase section */
		D6DA20341F48BC68000EB370 /* Resources */ = {
			isa = PBXResourcesBuildPhase;
			buildActionMask = 2147483647;
			files = (
				D6DA20441F48BC68000EB370 /* LaunchScreen.storyboard in Resources */,
				D6DA20411F48BC68000EB370 /* Assets.xcassets in Resources */,
				D6DA203F1F48BC68000EB370 /* Main.storyboard in Resources */,
			);
			runOnlyForDeploymentPostprocessing = 0;
		};
/* End PBXResourcesBuildPhase section */

/* Begin PBXSourcesBuildPhase section */
		D6DA20321F48BC68000EB370 /* Sources */ = {
			isa = PBXSourcesBuildPhase;
			buildActionMask = 2147483647;
			files = (
				D6DA203C1F48BC68000EB370 /* ViewController.swift in Sources */,
				D6DA203A1F48BC68000EB370 /* AppDelegate.swift in Sources */,
			);
			runOnlyForDeploymentPostprocessing = 0;
		};
/* End PBXSourcesBuildPhase section */

/* Begin PBXVariantGroup section */
		D6DA203D1F48BC68000EB370 /* Main.storyboard */ = {
			isa = PBXVariantGroup;
			children = (
				D6DA203E1F48BC68000EB370 /* Base */,
			);
			name = Main.storyboard;
			sourceTree = "<group>";
		};
		D6DA20421F48BC68000EB370 /* LaunchScreen.storyboard */ = {
			isa = PBXVariantGroup;
			children = (
				D6DA20431F48BC68000EB370 /* Base */,
			);
			name = LaunchScreen.storyboard;
			sourceTree = "<group>";
		};
/* End PBXVariantGroup section */

/* Begin XCBuildConfiguration section */
		D6DA20461F48BC68000EB370 /* Debug */ = {
			isa = XCBuildConfiguration;
			buildSettings = {
				ALWAYS_SEARCH_USER_PATHS = NO;
				CLANG_ANALYZER_NONNULL = YES;
				CLANG_CXX_LANGUAGE_STANDARD = "gnu++0x";
				CLANG_CXX_LIBRARY = "libc++";
				CLANG_ENABLE_MODULES = YES;
				CLANG_ENABLE_OBJC_ARC = YES;
				CLANG_WARN_BOOL_CONVERSION = YES;
				CLANG_WARN_CONSTANT_CONVERSION = YES;
				CLANG_WARN_DIRECT_OBJC_ISA_USAGE = YES_ERROR;
				CLANG_WARN_DOCUMENTATION_COMMENTS = YES;
				CLANG_WARN_EMPTY_BODY = YES;
				CLANG_WARN_ENUM_CONVERSION = YES;
				CLANG_WARN_INFINITE_RECURSION = YES;
				CLANG_WARN_INT_CONVERSION = YES;
				CLANG_WARN_OBJC_ROOT_CLASS = YES_ERROR;
				CLANG_WARN_SUSPICIOUS_MOVE = YES;
				CLANG_WARN_UNREACHABLE_CODE = YES;
				CLANG_WARN__DUPLICATE_METHOD_MATCH = YES;
				"CODE_SIGN_IDENTITY[sdk=iphoneos*]" = "iPhone Developer";
				COPY_PHASE_STRIP = NO;
				DEBUG_INFORMATION_FORMAT = dwarf;
				ENABLE_STRICT_OBJC_MSGSEND = YES;
				ENABLE_TESTABILITY = YES;
				GCC_C_LANGUAGE_STANDARD = gnu99;
				GCC_DYNAMIC_NO_PIC = NO;
				GCC_NO_COMMON_BLOCKS = YES;
				GCC_OPTIMIZATION_LEVEL = 0;
				GCC_PREPROCESSOR_DEFINITIONS = (
					"DEBUG=1",
					"$(inherited)",
				);
				GCC_WARN_64_TO_32_BIT_CONVERSION = YES;
				GCC_WARN_ABOUT_RETURN_TYPE = YES_ERROR;
				GCC_WARN_UNDECLARED_SELECTOR = YES;
				GCC_WARN_UNINITIALIZED_AUTOS = YES_AGGRESSIVE;
				GCC_WARN_UNUSED_FUNCTION = YES;
				GCC_WARN_UNUSED_VARIABLE = YES;
				IPHONEOS_DEPLOYMENT_TARGET = 10.2;
				MTL_ENABLE_DEBUG_INFO = YES;
				ONLY_ACTIVE_ARCH = YES;
				SDKROOT = iphoneos;
				SWIFT_ACTIVE_COMPILATION_CONDITIONS = DEBUG;
				SWIFT_OPTIMIZATION_LEVEL = "-Onone";
			};
			name = Debug;
		};
		D6DA20471F48BC68000EB370 /* Release */ = {
			isa = XCBuildConfiguration;
			buildSettings = {
				ALWAYS_SEARCH_USER_PATHS = NO;
				CLANG_ANALYZER_NONNULL = YES;
				CLANG_CXX_LANGUAGE_STANDARD = "gnu++0x";
				CLANG_CXX_LIBRARY = "libc++";
				CLANG_ENABLE_MODULES = YES;
				CLANG_ENABLE_OBJC_ARC = YES;
				CLANG_WARN_BOOL_CONVERSION = YES;
				CLANG_WARN_CONSTANT_CONVERSION = YES;
				CLANG_WARN_DIRECT_OBJC_ISA_USAGE = YES_ERROR;
				CLANG_WARN_DOCUMENTATION_COMMENTS = YES;
				CLANG_WARN_EMPTY_BODY = YES;
				CLANG_WARN_ENUM_CONVERSION = YES;
				CLANG_WARN_INFINITE_RECURSION = YES;
				CLANG_WARN_INT_CONVERSION = YES;
				CLANG_WARN_OBJC_ROOT_CLASS = YES_ERROR;
				CLANG_WARN_SUSPICIOUS_MOVE = YES;
				CLANG_WARN_UNREACHABLE_CODE = YES;
				CLANG_WARN__DUPLICATE_METHOD_MATCH = YES;
				"CODE_SIGN_IDENTITY[sdk=iphoneos*]" = "iPhone Developer";
				COPY_PHASE_STRIP = NO;
				DEBUG_INFORMATION_FORMAT = "dwarf-with-dsym";
				ENABLE_NS_ASSERTIONS = NO;
				ENABLE_STRICT_OBJC_MSGSEND = YES;
				GCC_C_LANGUAGE_STANDARD = gnu99;
				GCC_NO_COMMON_BLOCKS = YES;
				GCC_WARN_64_TO_32_BIT_CONVERSION = YES;
				GCC_WARN_ABOUT_RETURN_TYPE = YES_ERROR;
				GCC_WARN_UNDECLARED_SELECTOR = YES;
				GCC_WARN_UNINITIALIZED_AUTOS = YES_AGGRESSIVE;
				GCC_WARN_UNUSED_FUNCTION = YES;
				GCC_WARN_UNUSED_VARIABLE = YES;
				IPHONEOS_DEPLOYMENT_TARGET = 10.2;
				MTL_ENABLE_DEBUG_INFO = NO;
				SDKROOT = iphoneos;
				SWIFT_OPTIMIZATION_LEVEL = "-Owholemodule";
				VALIDATE_PRODUCT = YES;
			};
			name = Release;
		};
		D6DA20491F48BC68000EB370 /* Debug */ = {
			isa = XCBuildConfiguration;
			buildSettings = {
				ASSETCATALOG_COMPILER_APPICON_NAME = AppIcon;
				INFOPLIST_FILE = customcell/Info.plist;
				LD_RUNPATH_SEARCH_PATHS = "$(inherited) @executable_path/Frameworks";
				PRODUCT_BUNDLE_IDENTIFIER = thunder.customcell;
				PRODUCT_NAME = "$(TARGET_NAME)";
				SWIFT_VERSION = 3.0;
			};
			name = Debug;
		};
		D6DA204A1F48BC68000EB370 /* Release */ = {
			isa = XCBuildConfiguration;
			buildSettings = {
				ASSETCATALOG_COMPILER_APPICON_NAME = AppIcon;
				INFOPLIST_FILE = customcell/Info.plist;
				LD_RUNPATH_SEARCH_PATHS = "$(inherited) @executable_path/Frameworks";
				PRODUCT_BUNDLE_IDENTIFIER = thunder.customcell;
				PRODUCT_NAME = "$(TARGET_NAME)";
				SWIFT_VERSION = 3.0;
			};
			name = Release;
		};
/* End XCBuildConfiguration section */

/* Begin XCConfigurationList section */
		D6DA20311F48BC68000EB370 /* Build configuration list for PBXProject "customcell" */ = {
			isa = XCConfigurationList;
			buildConfigurations = (
				D6DA20461F48BC68000EB370 /* Debug */,
				D6DA20471F48BC68000EB370 /* Release */,
			);
			defaultConfigurationIsVisible = 0;
			defaultConfigurationName = Release;
		};
		D6DA20481F48BC68000EB370 /* Build configuration list for PBXNativeTarget "customcell" */ = {
			isa = XCConfigurationList;
			buildConfigurations = (
				D6DA20491F48BC68000EB370 /* Debug */,
				D6DA204A1F48BC68000EB370 /* Release */,
			);
			defaultConfigurationIsVisible = 0;
		};
/* End XCConfigurationList section */
	};
	rootObject = D6DA202E1F48BC68000EB370 /* Project object */;
}
